PODS:
  - KanjiBezierPaths (0.1.4):
    - SQLite.swift (~> 0.10.1)
  - SQLite.swift (0.10.1)

DEPENDENCIES:
  - KanjiBezierPaths (from `../`)

EXTERNAL SOURCES:
  KanjiBezierPaths:
    :path: "../"

SPEC CHECKSUMS:
  KanjiBezierPaths: 0e305554ef2ee7c0a1f02616225b07e6b957af02
  SQLite.swift: 6a6e4b034efc317ce4e203b6af2d3024fee2b570

PODFILE CHECKSUM: 00b05c4ae13af79444cd93f63890a69f0df784f6

COCOAPODS: 1.1.1
